
Microsoft Visual Studio Solution File, Format Version 12.00
# Visual Studio Version 17
VisualStudioVersion = 17.0.31903.59
MinimumVisualStudioVersion = 10.0.40219.1
Project("{2150E333-8FDC-42A3-9474-1A3956D46DE8}") = "FrontEnd", "FrontEnd", "{40653018-8D21-45F8-A9E2-27A24E04CE28}"
EndProject
Project("{9A19103F-16F7-4668-BE54-9A1E7A4F7556}") = "FoodShop.Web", "FoodShop.Web\FoodShop.Web.csproj", "{E30298AF-8EB5-483D-BC88-A11783AC79BF}"
EndProject
Project("{2150E333-8FDC-42A3-9474-1A3956D46DE8}") = "Services", "Services", "{EA96A971-38C1-49B2-A8A0-67E3D0211757}"
EndProject
Project("{9A19103F-16F7-4668-BE54-9A1E7A4F7556}") = "FoodShop.Services.ProductAPI", "FoodShop.Services.ProductAPI\FoodShop.Services.ProductAPI.csproj", "{B6466EF3-1085-4938-BB0F-E615A38231B4}"
EndProject
Project("{9A19103F-16F7-4668-BE54-9A1E7A4F7556}") = "FoodShoop.Services.Identity", "FoodShoop.Services.Identity\FoodShoop.Services.Identity.csproj", "{7259DDBF-217D-4698-B83A-DFC2D69DA6C4}"
EndProject
Project("{9A19103F-16F7-4668-BE54-9A1E7A4F7556}") = "FoodShop.Services.ShoppingCartAPI", "FoodShop.Services.ShoppingCartAPI\FoodShop.Services.ShoppingCartAPI.csproj", "{FA57D5C4-B05C-4457-A081-C979A4ADF185}"
EndProject
Project("{9A19103F-16F7-4668-BE54-9A1E7A4F7556}") = "FoodShop.Services.CouponAPI", "FoodShop.Services.CouponAPI\FoodShop.Services.CouponAPI.csproj", "{4E5204F3-F25E-4D84-9235-F644C6A1C813}"
EndProject
Project("{FAE04EC0-301F-11D3-BF4B-00C04F79EFBC}") = "FoodShop.Services.OrderAPI", "FoodShop.Services.OrderAPI\FoodShop.Services.OrderAPI.csproj", "{E85291D1-414A-4F4B-9AD5-13E78FA0D290}"
EndProject
Global
	GlobalSection(SolutionConfigurationPlatforms) = preSolution
		Debug|Any CPU = Debug|Any CPU
		Release|Any CPU = Release|Any CPU
	EndGlobalSection
	GlobalSection(ProjectConfigurationPlatforms) = postSolution
		{E30298AF-8EB5-483D-BC88-A11783AC79BF}.Debug|Any CPU.ActiveCfg = Debug|Any CPU
		{E30298AF-8EB5-483D-BC88-A11783AC79BF}.Debug|Any CPU.Build.0 = Debug|Any CPU
		{E30298AF-8EB5-483D-BC88-A11783AC79BF}.Release|Any CPU.ActiveCfg = Release|Any CPU
		{E30298AF-8EB5-483D-BC88-A11783AC79BF}.Release|Any CPU.Build.0 = Release|Any CPU
		{B6466EF3-1085-4938-BB0F-E615A38231B4}.Debug|Any CPU.ActiveCfg = Debug|Any CPU
		{B6466EF3-1085-4938-BB0F-E615A38231B4}.Debug|Any CPU.Build.0 = Debug|Any CPU
		{B6466EF3-1085-4938-BB0F-E615A38231B4}.Release|Any CPU.ActiveCfg = Release|Any CPU
		{B6466EF3-1085-4938-BB0F-E615A38231B4}.Release|Any CPU.Build.0 = Release|Any CPU
		{7259DDBF-217D-4698-B83A-DFC2D69DA6C4}.Debug|Any CPU.ActiveCfg = Debug|Any CPU
		{7259DDBF-217D-4698-B83A-DFC2D69DA6C4}.Debug|Any CPU.Build.0 = Debug|Any CPU
		{7259DDBF-217D-4698-B83A-DFC2D69DA6C4}.Release|Any CPU.ActiveCfg = Release|Any CPU
		{7259DDBF-217D-4698-B83A-DFC2D69DA6C4}.Release|Any CPU.Build.0 = Release|Any CPU
		{FA57D5C4-B05C-4457-A081-C979A4ADF185}.Debug|Any CPU.ActiveCfg = Debug|Any CPU
		{FA57D5C4-B05C-4457-A081-C979A4ADF185}.Debug|Any CPU.Build.0 = Debug|Any CPU
		{FA57D5C4-B05C-4457-A081-C979A4ADF185}.Release|Any CPU.ActiveCfg = Release|Any CPU
		{FA57D5C4-B05C-4457-A081-C979A4ADF185}.Release|Any CPU.Build.0 = Release|Any CPU
		{4E5204F3-F25E-4D84-9235-F644C6A1C813}.Debug|Any CPU.ActiveCfg = Debug|Any CPU
		{4E5204F3-F25E-4D84-9235-F644C6A1C813}.Debug|Any CPU.Build.0 = Debug|Any CPU
		{4E5204F3-F25E-4D84-9235-F644C6A1C813}.Release|Any CPU.ActiveCfg = Release|Any CPU
		{4E5204F3-F25E-4D84-9235-F644C6A1C813}.Release|Any CPU.Build.0 = Release|Any CPU
		{E85291D1-414A-4F4B-9AD5-13E78FA0D290}.Debug|Any CPU.ActiveCfg = Debug|Any CPU
		{E85291D1-414A-4F4B-9AD5-13E78FA0D290}.Debug|Any CPU.Build.0 = Debug|Any CPU
		{E85291D1-414A-4F4B-9AD5-13E78FA0D290}.Release|Any CPU.ActiveCfg = Release|Any CPU
		{E85291D1-414A-4F4B-9AD5-13E78FA0D290}.Release|Any CPU.Build.0 = Release|Any CPU
	EndGlobalSection
	GlobalSection(SolutionProperties) = preSolution
		HideSolutionNode = FALSE
	EndGlobalSection
	GlobalSection(NestedProjects) = preSolution
		{E30298AF-8EB5-483D-BC88-A11783AC79BF} = {40653018-8D21-45F8-A9E2-27A24E04CE28}
		{B6466EF3-1085-4938-BB0F-E615A38231B4} = {EA96A971-38C1-49B2-A8A0-67E3D0211757}
		{7259DDBF-217D-4698-B83A-DFC2D69DA6C4} = {EA96A971-38C1-49B2-A8A0-67E3D0211757}
		{FA57D5C4-B05C-4457-A081-C979A4ADF185} = {EA96A971-38C1-49B2-A8A0-67E3D0211757}
		{4E5204F3-F25E-4D84-9235-F644C6A1C813} = {EA96A971-38C1-49B2-A8A0-67E3D0211757}
		{E85291D1-414A-4F4B-9AD5-13E78FA0D290} = {EA96A971-38C1-49B2-A8A0-67E3D0211757}
	EndGlobalSection
	GlobalSection(ExtensibilityGlobals) = postSolution
		SolutionGuid = {0DAB67A7-B344-4919-8C8B-21261C0D04F3}
	EndGlobalSection
EndGlobal
